core:changelogs:
  - content: "---\npackages:\n  group:dimah-survey:\n    type: minor\n---\n\n### Export the option types the docs render\n\n`SurveyGuard`, `CreateSurveyClientOptions`, `UseSurveyResponseOptions`, and `UseSurveyDraftOptions` are public. Configuration, settings, store, list, and React binding fields document their defaults and write behavior in JSDoc.\n"
    filename: 2026-09-27-type-docs.md
    v: 0.0.0
core:packages:
  - changelogIds:
      - 2026-09-27-type-docs.md
    id: npm:example-next
    updated: true
  - changelogIds:
      - 2026-09-27-type-docs.md
    id: npm:@dimah-survey/core
    updated: true
  - changelogIds:
      - 2026-09-27-type-docs.md
    id: npm:@dimah-survey/db
    updated: true
  - changelogIds:
      - 2026-09-27-type-docs.md
    id: npm:@dimah-survey/react
    updated: true
  - changelogIds:
      - 2026-09-27-type-docs.md
    id: npm:@dimah-survey/server
    updated: true
  - changelogIds:
      - 2026-09-27-type-docs.md
    id: npm:@workspace/survey-store-contract
    updated: true
npm:packages:
  - id: npm:example-next
  - id: npm:@dimah-survey/core
  - id: npm:@dimah-survey/db
  - id: npm:@dimah-survey/react
  - id: npm:@dimah-survey/server
  - id: npm:@workspace/survey-store-contract
